<?xml version="1.0" encoding="utf-8"?>
<Project ToolsVersion="4.0" xmlns="http://schemas.microsoft.com/developer/msbuild/2003">
  <ItemGroup>
    <Filter Include="Fichiers sources">
      <UniqueIdentifier>{4FC737F1-C7A5-4376-A066-2A32D752A2FF}</UniqueIdentifier>
      <Extensions>cpp;c;cc;cxx;def;odl;idl;hpj;bat;asm;asmx</Extensions>
    </Filter>
    <Filter Include="Fichiers d%27en-tête">
      <UniqueIdentifier>{93995380-89BD-4b04-88EB-625FBE52EBFB}</UniqueIdentifier>
      <Extensions>h;hh;hpp;hxx;hm;inl;inc;xsd</Extensions>
    </Filter>
    <Filter Include="personnage">
      <UniqueIdentifier>{217fc754-5cb9-4875-8cc2-7243bf552280}</UniqueIdentifier>
    </Filter>
    <Filter Include="personnage\alchimiste">
      <UniqueIdentifier>{b2b038c7-995e-4eef-b81f-1bfe6b841c26}</UniqueIdentifier>
    </Filter>
    <Filter Include="personnage\guerrier">
      <UniqueIdentifier>{e29389fd-ac47-4a67-826a-2ed0c9d188ca}</UniqueIdentifier>
    </Filter>
    <Filter Include="personnage\voleur">
      <UniqueIdentifier>{d8da26b1-69fc-4b7d-bdfb-f34013a0c85f}</UniqueIdentifier>
    </Filter>
    <Filter Include="personnage\paladin">
      <UniqueIdentifier>{4d3ccbd0-2838-41ef-bdb4-b1ba950da6cb}</UniqueIdentifier>
    </Filter>
    <Filter Include="personnage\ranger">
      <UniqueIdentifier>{56993bac-7c62-414a-b007-5a34cf05c089}</UniqueIdentifier>
    </Filter>
    <Filter Include="init">
      <UniqueIdentifier>{52a3d6b5-6cf1-49b4-84e8-a51385f923ec}</UniqueIdentifier>
    </Filter>
    <Filter Include="game">
      <UniqueIdentifier>{be172ee5-d279-4151-ae6c-53d4373e4c4c}</UniqueIdentifier>
    </Filter>
    <Filter Include="database">
      <UniqueIdentifier>{9481e04e-6d61-4938-85aa-d56c5bb1d78f}</UniqueIdentifier>
    </Filter>
    <Filter Include="assets">
      <UniqueIdentifier>{6b5e262d-4d12-4eac-94eb-cb4abaee1bb3}</UniqueIdentifier>
    </Filter>
    <Filter Include="assets\img">
      <UniqueIdentifier>{1a8ad168-b54d-4c74-9332-cc3b2ff1d151}</UniqueIdentifier>
    </Filter>
    <Filter Include="assets\sound">
      <UniqueIdentifier>{f4a205df-88e0-4fd3-a505-9a1ab7af2a19}</UniqueIdentifier>
    </Filter>
    <Filter Include="assets\img\voleur">
      <UniqueIdentifier>{5cc6d730-e2bf-40b2-9c70-3b35689a6b2c}</UniqueIdentifier>
    </Filter>
    <Filter Include="assets\img\ranger">
      <UniqueIdentifier>{b924dabd-46d4-4860-bfa8-3e065ee74995}</UniqueIdentifier>
    </Filter>
    <Filter Include="assets\img\alchimiste">
      <UniqueIdentifier>{b8a736cb-a8bc-4803-b39a-30a5a0dd34f5}</UniqueIdentifier>
    </Filter>
    <Filter Include="assets\img\guerrier">
      <UniqueIdentifier>{39cf4a3d-c894-41cc-9960-900cf7828353}</UniqueIdentifier>
    </Filter>
    <Filter Include="assets\img\paladin">
      <UniqueIdentifier>{3aa1109d-8b1e-4b1e-bbcd-7422a3e340d6}</UniqueIdentifier>
    </Filter>
    <Filter Include="assets\sound\alchimiste">
      <UniqueIdentifier>{8dff5968-6bd5-4e1c-9fe1-2ce798e17dd0}</UniqueIdentifier>
    </Filter>
    <Filter Include="assets\sound\guerrier">
      <UniqueIdentifier>{5fb99727-56b3-498e-82d9-17aecf1199c1}</UniqueIdentifier>
    </Filter>
    <Filter Include="assets\sound\voleur">
      <UniqueIdentifier>{0bbbbea0-3994-494e-bf75-c5d59e288283}</UniqueIdentifier>
    </Filter>
    <Filter Include="assets\sound\paladin">
      <UniqueIdentifier>{419c8814-32ff-41e8-8dff-a7236c664b98}</UniqueIdentifier>
    </Filter>
    <Filter Include="assets\sound\ranger">
      <UniqueIdentifier>{bb43d145-42c7-4fb9-868a-6d5864fe5321}</UniqueIdentifier>
    </Filter>
    <Filter Include="assets\font">
      <UniqueIdentifier>{9d9c0685-4cdd-4efa-9cf2-7d15ae256bfa}</UniqueIdentifier>
    </Filter>
    <Filter Include="gestionCombat">
      <UniqueIdentifier>{fc475fde-721c-47ea-a1fb-d5058481882d}</UniqueIdentifier>
    </Filter>
    <Filter Include="Fichiers de ressources">
      <UniqueIdentifier>{67DA6AB6-F800-4c08-8B7A-83BB121AAD01}</UniqueIdentifier>
      <Extensions>rc;ico;cur;bmp;dlg;rc2;rct;bin;rgs;gif;jpg;jpeg;jpe;resx;tiff;tif;png;wav;mfcribbon-ms</Extensions>
    </Filter>
    <Filter Include="assets\img\map">
      <UniqueIdentifier>{d564947b-9b7c-4f14-a819-d7eeed0c6f17}</UniqueIdentifier>
    </Filter>
  </ItemGroup>
  <ItemGroup>
    <ClCompile Include="Main.cpp">
      <Filter>Fichiers sources</Filter>
    </ClCompile>
    <ClCompile Include="personnage\alchimiste\alchimiste.cpp">
      <Filter>personnage\alchimiste</Filter>
    </ClCompile>
    <ClCompile Include="personnage\guerrier\guerrier.cpp">
      <Filter>personnage\guerrier</Filter>
    </ClCompile>
    <ClCompile Include="personnage\voleur\voleur.cpp">
      <Filter>personnage\voleur</Filter>
    </ClCompile>
    <ClCompile Include="personnage\paladin\paladin.cpp">
      <Filter>personnage\paladin</Filter>
    </ClCompile>
    <ClCompile Include="personnage\ranger\ranger.cpp">
      <Filter>personnage\ranger</Filter>
    </ClCompile>
    <ClCompile Include="personnage\personnage.cpp">
      <Filter>personnage</Filter>
    </ClCompile>
    <ClCompile Include="game\jeu.cpp">
      <Filter>game</Filter>
    </ClCompile>
    <ClCompile Include="database\Database.cpp">
      <Filter>database</Filter>
    </ClCompile>
    <ClCompile Include="database\sauvegarde.cpp">
      <Filter>database</Filter>
    </ClCompile>
    <ClCompile Include="game\mur.cpp">
      <Filter>game</Filter>
    </ClCompile>
    <ClCompile Include="init\menu.cpp">
      <Filter>init</Filter>
    </ClCompile>
    <ClCompile Include="init\charger.cpp">
      <Filter>init</Filter>
    </ClCompile>
    <ClCompile Include="game\creationPerso.cpp">
      <Filter>game</Filter>
    </ClCompile>
    <ClCompile Include="personnage\chose.cpp">
      <Filter>personnage</Filter>
    </ClCompile>
    <ClCompile Include="gestionCombat\animationCombat.cpp">
      <Filter>gestionCombat</Filter>
    </ClCompile>
    <ClCompile Include="gestionCombat\combat.cpp">
      <Filter>gestionCombat</Filter>
    </ClCompile>
  </ItemGroup>
  <ItemGroup>
    <ClInclude Include="personnage\alchimiste\alchimiste.h">
      <Filter>personnage\alchimiste</Filter>
    </ClInclude>
    <ClInclude Include="personnage\guerrier\guerrier.h">
      <Filter>personnage\guerrier</Filter>
    </ClInclude>
    <ClInclude Include="personnage\voleur\voleur.h">
      <Filter>personnage\voleur</Filter>
    </ClInclude>
    <ClInclude Include="personnage\paladin\paladin.h">
      <Filter>personnage\paladin</Filter>
    </ClInclude>
    <ClInclude Include="personnage\ranger\ranger.h">
      <Filter>personnage\ranger</Filter>
    </ClInclude>
    <ClInclude Include="personnage\personnage.h">
      <Filter>personnage</Filter>
    </ClInclude>
    <ClInclude Include="game\jeu.h">
      <Filter>game</Filter>
    </ClInclude>
    <ClInclude Include="database\Database.h">
      <Filter>database</Filter>
    </ClInclude>
    <ClInclude Include="database\sauvegarde.h">
      <Filter>database</Filter>
    </ClInclude>
    <ClInclude Include="game\mur.h">
      <Filter>game</Filter>
    </ClInclude>
    <ClInclude Include="init\menu.h">
      <Filter>init</Filter>
    </ClInclude>
    <ClInclude Include="init\charger.h">
      <Filter>init</Filter>
    </ClInclude>
    <ClInclude Include="game\creationPerso.h">
      <Filter>game</Filter>
    </ClInclude>
    <ClInclude Include="personnage\chose.h">
      <Filter>personnage</Filter>
    </ClInclude>
    <ClInclude Include="gestionCombat\animationCombat.h">
      <Filter>gestionCombat</Filter>
    </ClInclude>
    <ClInclude Include="gestionCombat\combat.h">
      <Filter>gestionCombat</Filter>
    </ClInclude>
  </ItemGroup>
  <ItemGroup>
    <None Include="database\database.db">
      <Filter>database</Filter>
    </None>
    <None Include="assets\sound\Dreamseer.ogg">
      <Filter>assets\sound</Filter>
    </None>
    <None Include="assets\sound\gameOver.ogg">
      <Filter>assets\sound</Filter>
    </None>
    <None Include="assets\sound\Gleipnir.ogg">
      <Filter>assets\sound</Filter>
    </None>
    <None Include="assets\sound\heal.ogg">
      <Filter>assets\sound</Filter>
    </None>
    <None Include="assets\sound\hit.ogg">
      <Filter>assets\sound</Filter>
    </None>
    <None Include="assets\sound\mort.ogg">
      <Filter>assets\sound</Filter>
    </None>
    <None Include="assets\sound\Necromancy.ogg">
      <Filter>assets\sound</Filter>
    </None>
    <None Include="assets\sound\rate.ogg">
      <Filter>assets\sound</Filter>
    </None>
    <None Include="assets\sound\alchimiste\boom.ogg">
      <Filter>assets\sound\alchimiste</Filter>
    </None>
    <None Include="assets\sound\alchimiste\brulure.ogg">
      <Filter>assets\sound\alchimiste</Filter>
    </None>
    <None Include="assets\sound\guerrier\saignement.ogg">
      <Filter>assets\sound\guerrier</Filter>
    </None>
    <None Include="assets\sound\paladin\blind.ogg">
      <Filter>assets\sound\paladin</Filter>
    </None>
    <None Include="assets\sound\ranger\arrow.ogg">
      <Filter>assets\sound\ranger</Filter>
    </None>
    <None Include="assets\sound\voleur\vanish.ogg">
      <Filter>assets\sound\voleur</Filter>
    </None>
  </ItemGroup>
  <ItemGroup>
    <Image Include="assets\img\alchimiste\alchimiste.png">
      <Filter>assets\img\alchimiste</Filter>
    </Image>
    <Image Include="assets\img\guerrier\guerrier.png">
      <Filter>assets\img\guerrier</Filter>
    </Image>
    <Image Include="assets\img\paladin\paladin.png">
      <Filter>assets\img\paladin</Filter>
    </Image>
    <Image Include="assets\img\ranger\ranger.png">
      <Filter>assets\img\ranger</Filter>
    </Image>
    <Image Include="assets\img\voleur\voleur.png">
      <Filter>assets\img\voleur</Filter>
    </Image>
    <Image Include="assets\img\fx.png">
      <Filter>assets\img</Filter>
    </Image>
    <Image Include="assets\img\hpBar.png">
      <Filter>assets\img</Filter>
    </Image>
    <Image Include="assets\img\red.png">
      <Filter>assets\img</Filter>
    </Image>
    <Image Include="assets\img\alchimiste\Boom.png">
      <Filter>assets\img\alchimiste</Filter>
    </Image>
    <Image Include="assets\img\guerrier\bloody2.png">
      <Filter>assets\img\guerrier</Filter>
    </Image>
    <Image Include="assets\img\ranger\arrow.png">
      <Filter>assets\img\ranger</Filter>
    </Image>
    <Image Include="assets\img\arenaFront.png">
      <Filter>assets\img</Filter>
    </Image>
    <Image Include="assets\img\areneback.png">
      <Filter>assets\img</Filter>
    </Image>
    <Image Include="assets\img\darkBoss.png">
      <Filter>assets\img</Filter>
    </Image>
    <Image Include="assets\img\Emma.png">
      <Filter>assets\img</Filter>
    </Image>
    <Image Include="assets\img\grave.png">
      <Filter>assets\img</Filter>
    </Image>
    <Image Include="assets\img\iconPath.jpeg">
      <Filter>assets\img</Filter>
    </Image>
    <Image Include="assets\img\Orc.png">
      <Filter>assets\img</Filter>
    </Image>
    <Image Include="assets\img\sword.png">
      <Filter>assets\img</Filter>
    </Image>
    <Image Include="assets\img\sword2.png">
      <Filter>assets\img</Filter>
    </Image>
    <Image Include="Release\assets\img\map\steampunkMap.png">
      <Filter>assets\img\map</Filter>
    </Image>
    <Image Include="assets\img\map\cactus2.png">
      <Filter>assets\img\map</Filter>
    </Image>
  </ItemGroup>
  <ItemGroup>
    <Font Include="assets\font\Champ.ttf">
      <Filter>assets\font</Filter>
    </Font>
    <Font Include="assets\font\CloisterBlack.ttf">
      <Filter>assets\font</Filter>
    </Font>
    <Font Include="assets\font\pixel.ttf">
      <Filter>assets\font</Filter>
    </Font>
    <Font Include="assets\font\varsity.ttf">
      <Filter>assets\font</Filter>
    </Font>
  </ItemGroup>
</Project>